Microsoft Visual Studio Solution File, Format Version 11.00
# Visual Studio 2008

Project("{9DCCFEFE-DB66-342C-9993-B0280304A7D7}") = "17_Unity_Game_SpaceGirl_GUI", "Assembly-CSharp.csproj", "{53E61402-2F39-6590-9C57-2CE60E1B9CF3}"
EndProject
Global
	GlobalSection(SolutionConfigurationPlatforms) = preSolution
		Debug|Any CPU = Debug|Any CPU
		Release|Any CPU = Release|Any CPU
	EndGlobalSection
	GlobalSection(ProjectConfigurationPlatforms) = postSolution
		{53E61402-2F39-6590-9C57-2CE60E1B9CF3}.Debug|Any CPU.ActiveCfg = Debug|Any CPU
		{53E61402-2F39-6590-9C57-2CE60E1B9CF3}.Debug|Any CPU.Build.0 = Debug|Any CPU
		{53E61402-2F39-6590-9C57-2CE60E1B9CF3}.Release|Any CPU.ActiveCfg = Release|Any CPU
		{53E61402-2F39-6590-9C57-2CE60E1B9CF3}.Release|Any CPU.Build.0 = Release|Any CPU
	EndGlobalSection
	GlobalSection(SolutionProperties) = preSolution
		HideSolutionNode = FALSE
	EndGlobalSection
	GlobalSection(MonoDevelopProperties) = preSolution
		StartupItem = Assembly-CSharp.csproj
	EndGlobalSection
EndGlobal
